
Microsoft Visual Studio Solution File, Format Version 12.00
# Visual Studio Version 16
VisualStudioVersion = 16.0.31729.503
MinimumVisualStudioVersion = 10.0.40219.1
Project("{FAE04EC0-301F-11D3-BF4B-00C04F79EFBC}") = "NewsPortal.Shared", "NewsPortal.Shared\NewsPortal.Shared.csproj", "{3F76E63D-5751-4D5C-A8EA-924FC8707FA8}"
EndProject
Project("{FAE04EC0-301F-11D3-BF4B-00C04F79EFBC}") = "NewsPortal.Data", "NewsPortal.Data\NewsPortal.Data.csproj", "{4E3A357B-EC69-4180-8758-48F65C9EC814}"
EndProject
Project("{FAE04EC0-301F-11D3-BF4B-00C04F79EFBC}") = "NewsPortal.Entities", "NewsPortal.Entities\NewsPortal.Entities.csproj", "{253A88F5-1D10-463F-ADD0-1188F478190C}"
EndProject
Project("{FAE04EC0-301F-11D3-BF4B-00C04F79EFBC}") = "NewsPortal.Services", "NewsPortal.Services\NewsPortal.Services.csproj", "{F69278FB-D215-42F9-93F6-79C0DE2E0CF1}"
EndProject
Project("{FAE04EC0-301F-11D3-BF4B-00C04F79EFBC}") = "NewsPortal.Mvc", "NewsPortal.Mvc\NewsPortal.Mvc.csproj", "{4EE8A440-EBE0-4073-8F77-6A68A580B475}"
EndProject
Global
	GlobalSection(SolutionConfigurationPlatforms) = preSolution
		Debug|Any CPU = Debug|Any CPU
		Release|Any CPU = Release|Any CPU
	EndGlobalSection
	GlobalSection(ProjectConfigurationPlatforms) = postSolution
		{3F76E63D-5751-4D5C-A8EA-924FC8707FA8}.Debug|Any CPU.ActiveCfg = Debug|Any CPU
		{3F76E63D-5751-4D5C-A8EA-924FC8707FA8}.Debug|Any CPU.Build.0 = Debug|Any CPU
		{3F76E63D-5751-4D5C-A8EA-924FC8707FA8}.Release|Any CPU.ActiveCfg = Release|Any CPU
		{3F76E63D-5751-4D5C-A8EA-924FC8707FA8}.Release|Any CPU.Build.0 = Release|Any CPU
		{4E3A357B-EC69-4180-8758-48F65C9EC814}.Debug|Any CPU.ActiveCfg = Debug|Any CPU
		{4E3A357B-EC69-4180-8758-48F65C9EC814}.Debug|Any CPU.Build.0 = Debug|Any CPU
		{4E3A357B-EC69-4180-8758-48F65C9EC814}.Release|Any CPU.ActiveCfg = Release|Any CPU
		{4E3A357B-EC69-4180-8758-48F65C9EC814}.Release|Any CPU.Build.0 = Release|Any CPU
		{253A88F5-1D10-463F-ADD0-1188F478190C}.Debug|Any CPU.ActiveCfg = Debug|Any CPU
		{253A88F5-1D10-463F-ADD0-1188F478190C}.Debug|Any CPU.Build.0 = Debug|Any CPU
		{253A88F5-1D10-463F-ADD0-1188F478190C}.Release|Any CPU.ActiveCfg = Release|Any CPU
		{253A88F5-1D10-463F-ADD0-1188F478190C}.Release|Any CPU.Build.0 = Release|Any CPU
		{F69278FB-D215-42F9-93F6-79C0DE2E0CF1}.Debug|Any CPU.ActiveCfg = Debug|Any CPU
		{F69278FB-D215-42F9-93F6-79C0DE2E0CF1}.Debug|Any CPU.Build.0 = Debug|Any CPU
		{F69278FB-D215-42F9-93F6-79C0DE2E0CF1}.Release|Any CPU.ActiveCfg = Release|Any CPU
		{F69278FB-D215-42F9-93F6-79C0DE2E0CF1}.Release|Any CPU.Build.0 = Release|Any CPU
		{4EE8A440-EBE0-4073-8F77-6A68A580B475}.Debug|Any CPU.ActiveCfg = Debug|Any CPU
		{4EE8A440-EBE0-4073-8F77-6A68A580B475}.Debug|Any CPU.Build.0 = Debug|Any CPU
		{4EE8A440-EBE0-4073-8F77-6A68A580B475}.Release|Any CPU.ActiveCfg = Release|Any CPU
		{4EE8A440-EBE0-4073-8F77-6A68A580B475}.Release|Any CPU.Build.0 = Release|Any CPU
	EndGlobalSection
	GlobalSection(SolutionProperties) = preSolution
		HideSolutionNode = FALSE
	EndGlobalSection
	GlobalSection(ExtensibilityGlobals) = postSolution
		SolutionGuid = {AB36759B-0AD8-4BE1-A229-7B51E008246D}
	EndGlobalSection
EndGlobal
